
Microsoft Visual Studio Solution File, Format Version 12.00
# Visual Studio Version 17
VisualStudioVersion = 17.12.35521.163 d17.12
MinimumVisualStudioVersion = 10.0.40219.1
Project("{FAE04EC0-301F-11D3-BF4B-00C04F79EFBC}") = "Examen02", "Examen02\Examen02.csproj", "{A41D94DC-7DEA-4744-97B2-7DD9E070FD7C}"
EndProject
Global
	GlobalSection(SolutionConfigurationPlatforms) = preSolution
		Debug|Any CPU = Debug|Any CPU
		Release|Any CPU = Release|Any CPU
	EndGlobalSection
	GlobalSection(ProjectConfigurationPlatforms) = postSolution
		{A41D94DC-7DEA-4744-97B2-7DD9E070FD7C}.Debug|Any CPU.ActiveCfg = Debug|Any CPU
		{A41D94DC-7DEA-4744-97B2-7DD9E070FD7C}.Debug|Any CPU.Build.0 = Debug|Any CPU
		{A41D94DC-7DEA-4744-97B2-7DD9E070FD7C}.Release|Any CPU.ActiveCfg = Release|Any CPU
		{A41D94DC-7DEA-4744-97B2-7DD9E070FD7C}.Release|Any CPU.Build.0 = Release|Any CPU
	EndGlobalSection
	GlobalSection(SolutionProperties) = preSolution
		HideSolutionNode = FALSE
	EndGlobalSection
EndGlobal
